<?xml version="1.0" encoding="utf-8"?>
<Project ToolsVersion="4.0" xmlns="http://schemas.microsoft.com/developer/msbuild/2003">
  <ItemGroup>
    <Filter Include="Source Files">
      <UniqueIdentifier>{4FC737F1-C7A5-4376-A066-2A32D752A2FF}</UniqueIdentifier>
      <Extensions>cpp;c;cc;cxx;def;odl;idl;hpj;bat;asm;asmx</Extensions>
    </Filter>
    <Filter Include="Header Files">
      <UniqueIdentifier>{93995380-89BD-4b04-88EB-625FBE52EBFB}</UniqueIdentifier>
      <Extensions>h;hh;hpp;hxx;hm;inl;inc;ipp;xsd</Extensions>
    </Filter>
    <Filter Include="Resource Files">
      <UniqueIdentifier>{67DA6AB6-F800-4c08-8B7A-83BB121AAD01}</UniqueIdentifier>
      <Extensions>rc;ico;cur;bmp;dlg;rc2;rct;bin;rgs;gif;jpg;jpeg;jpe;resx;tiff;tif;png;wav;mfcribbon-ms</Extensions>
    </Filter>
    <Filter Include="Resource Files\Handle_Web">
      <UniqueIdentifier>{fed89e75-e0bc-4e9d-b85b-5dde9cdadc90}</UniqueIdentifier>
    </Filter>
    <Filter Include="Resource Files\ShareableResources">
      <UniqueIdentifier>{6f4a6a42-4c6d-40f0-b569-0d3016f469fc}</UniqueIdentifier>
    </Filter>
    <Filter Include="Resource Files\Control">
      <UniqueIdentifier>{6c68b68e-eb40-40c7-964a-6b862e0f3210}</UniqueIdentifier>
    </Filter>
    <Filter Include="Resource Files\Motors">
      <UniqueIdentifier>{40052153-43c0-48f6-9bc9-2de15c90761a}</UniqueIdentifier>
    </Filter>
  </ItemGroup>
  <ItemGroup>
    <ClInclude Include="Header.h">
      <Filter>Header Files</Filter>
    </ClInclude>
    <ClInclude Include="index.h">
      <Filter>Resource Files\Handle_Web</Filter>
    </ClInclude>
    <ClInclude Include="Handle_Web.h">
      <Filter>Resource Files\Handle_Web</Filter>
    </ClInclude>
    <ClInclude Include="ShareableResources.h">
      <Filter>Resource Files\ShareableResources</Filter>
    </ClInclude>
    <ClInclude Include="Control.h">
      <Filter>Resource Files\Control</Filter>
    </ClInclude>
    <ClInclude Include="MpuControl.h">
      <Filter>Resource Files\Control</Filter>
    </ClInclude>
    <ClInclude Include="Motors.h">
      <Filter>Resource Files\Motors</Filter>
    </ClInclude>
  </ItemGroup>
  <ItemGroup>
    <None Include="..\Main\Main.ino">
      <Filter>Source Files</Filter>
    </None>
    <None Include="HTMLPage.htm">
      <Filter>Resource Files\Handle_Web</Filter>
    </None>
  </ItemGroup>
  <ItemGroup>
    <ClCompile Include="Handle_Web.cpp">
      <Filter>Resource Files\Handle_Web</Filter>
    </ClCompile>
    <ClCompile Include="ShareableResources.cpp">
      <Filter>Resource Files\ShareableResources</Filter>
    </ClCompile>
    <ClCompile Include="Control.cpp">
      <Filter>Resource Files\Control</Filter>
    </ClCompile>
    <ClCompile Include="MpuControl.cpp">
      <Filter>Resource Files\Control</Filter>
    </ClCompile>
    <ClCompile Include="Motors.cpp">
      <Filter>Resource Files\Motors</Filter>
    </ClCompile>
  </ItemGroup>
</Project>